
Microsoft Visual Studio Solution File, Format Version 11.00
# Visual Studio 2010
# SharpDevelop 4.4
Project("{FD48973F-F585-4F70-812B-4D0503B36CE9}") = "test", "test\test.pyproj", "{B6119C9E-7715-441B-8E39-4D82C2B4B10F}"
EndProject
Global
	GlobalSection(SolutionConfigurationPlatforms) = preSolution
		Debug|Any CPU = Debug|Any CPU
		Release|Any CPU = Release|Any CPU
	EndGlobalSection
	GlobalSection(ProjectConfigurationPlatforms) = postSolution
		{B6119C9E-7715-441B-8E39-4D82C2B4B10F}.Debug|Any CPU.Build.0 = Debug|Any CPU
		{B6119C9E-7715-441B-8E39-4D82C2B4B10F}.Debug|Any CPU.ActiveCfg = Debug|Any CPU
		{B6119C9E-7715-441B-8E39-4D82C2B4B10F}.Release|Any CPU.Build.0 = Release|Any CPU
		{B6119C9E-7715-441B-8E39-4D82C2B4B10F}.Release|Any CPU.ActiveCfg = Release|Any CPU
	EndGlobalSection
EndGlobal
