
Microsoft Visual Studio Solution File, Format Version 11.00
# Visual Studio 2010
# SharpDevelop 4.4
Project("{FD48973F-F585-4F70-812B-4D0503B36CE9}") = "Pro65h", "Pro65h\Pro65h.pyproj", "{BFEA23DF-C6C2-4557-88B4-0D880ED47D3B}"
EndProject
Global
	GlobalSection(SolutionConfigurationPlatforms) = preSolution
		Debug|Any CPU = Debug|Any CPU
		Release|Any CPU = Release|Any CPU
	EndGlobalSection
	GlobalSection(ProjectConfigurationPlatforms) = postSolution
		{BFEA23DF-C6C2-4557-88B4-0D880ED47D3B}.Debug|Any CPU.Build.0 = Debug|Any CPU
		{BFEA23DF-C6C2-4557-88B4-0D880ED47D3B}.Debug|Any CPU.ActiveCfg = Debug|Any CPU
		{BFEA23DF-C6C2-4557-88B4-0D880ED47D3B}.Release|Any CPU.Build.0 = Release|Any CPU
		{BFEA23DF-C6C2-4557-88B4-0D880ED47D3B}.Release|Any CPU.ActiveCfg = Release|Any CPU
	EndGlobalSection
EndGlobal
