
Microsoft Visual Studio Solution File, Format Version 11.00
# Visual Studio 2010
# SharpDevelop 4.4
Project("{FD48973F-F585-4F70-812B-4D0503B36CE9}") = "pro122a", "pro122a\pro122a.pyproj", "{713D66CA-32FA-4741-B3B7-A3DBF47E4893}"
EndProject
Global
	GlobalSection(SolutionConfigurationPlatforms) = preSolution
		Debug|Any CPU = Debug|Any CPU
		Release|Any CPU = Release|Any CPU
	EndGlobalSection
	GlobalSection(ProjectConfigurationPlatforms) = postSolution
		{713D66CA-32FA-4741-B3B7-A3DBF47E4893}.Debug|Any CPU.Build.0 = Debug|Any CPU
		{713D66CA-32FA-4741-B3B7-A3DBF47E4893}.Debug|Any CPU.ActiveCfg = Debug|Any CPU
		{713D66CA-32FA-4741-B3B7-A3DBF47E4893}.Release|Any CPU.Build.0 = Release|Any CPU
		{713D66CA-32FA-4741-B3B7-A3DBF47E4893}.Release|Any CPU.ActiveCfg = Release|Any CPU
	EndGlobalSection
EndGlobal
