
Microsoft Visual Studio Solution File, Format Version 11.00
# Visual Studio 2010
# SharpDevelop 4.4
Project("{FD48973F-F585-4F70-812B-4D0503B36CE9}") = "p.199fullname", "p.199fullname\p.199fullname.pyproj", "{8EDF98AB-887C-48CA-9657-148D1A3C7441}"
EndProject
Global
	GlobalSection(SolutionConfigurationPlatforms) = preSolution
		Debug|Any CPU = Debug|Any CPU
		Release|Any CPU = Release|Any CPU
	EndGlobalSection
	GlobalSection(ProjectConfigurationPlatforms) = postSolution
		{8EDF98AB-887C-48CA-9657-148D1A3C7441}.Debug|Any CPU.Build.0 = Debug|Any CPU
		{8EDF98AB-887C-48CA-9657-148D1A3C7441}.Debug|Any CPU.ActiveCfg = Debug|Any CPU
		{8EDF98AB-887C-48CA-9657-148D1A3C7441}.Release|Any CPU.Build.0 = Release|Any CPU
		{8EDF98AB-887C-48CA-9657-148D1A3C7441}.Release|Any CPU.ActiveCfg = Release|Any CPU
	EndGlobalSection
EndGlobal
