
Microsoft Visual Studio Solution File, Format Version 11.00
# Visual Studio 2010
# SharpDevelop 4.4
Project("{FD48973F-F585-4F70-812B-4D0503B36CE9}") = "Prog. 54", "Prog. 54\Prog. 54.pyproj", "{A2C2FE26-54EC-4376-A475-C99C6B0E74D7}"
EndProject
Global
	GlobalSection(SolutionConfigurationPlatforms) = preSolution
		Debug|Any CPU = Debug|Any CPU
		Release|Any CPU = Release|Any CPU
	EndGlobalSection
	GlobalSection(ProjectConfigurationPlatforms) = postSolution
		{A2C2FE26-54EC-4376-A475-C99C6B0E74D7}.Debug|Any CPU.Build.0 = Debug|Any CPU
		{A2C2FE26-54EC-4376-A475-C99C6B0E74D7}.Debug|Any CPU.ActiveCfg = Debug|Any CPU
		{A2C2FE26-54EC-4376-A475-C99C6B0E74D7}.Release|Any CPU.Build.0 = Release|Any CPU
		{A2C2FE26-54EC-4376-A475-C99C6B0E74D7}.Release|Any CPU.ActiveCfg = Release|Any CPU
	EndGlobalSection
EndGlobal
