
Microsoft Visual Studio Solution File, Format Version 11.00
# Visual Studio 2010
# SharpDevelop 4.4
Project("{FD48973F-F585-4F70-812B-4D0503B36CE9}") = "prog88a", "prog88a\prog88a.pyproj", "{C7109A71-A858-4F9F-BD76-F0BBE84225A8}"
EndProject
Global
	GlobalSection(SolutionConfigurationPlatforms) = preSolution
		Debug|Any CPU = Debug|Any CPU
		Release|Any CPU = Release|Any CPU
	EndGlobalSection
	GlobalSection(ProjectConfigurationPlatforms) = postSolution
		{C7109A71-A858-4F9F-BD76-F0BBE84225A8}.Debug|Any CPU.Build.0 = Debug|Any CPU
		{C7109A71-A858-4F9F-BD76-F0BBE84225A8}.Debug|Any CPU.ActiveCfg = Debug|Any CPU
		{C7109A71-A858-4F9F-BD76-F0BBE84225A8}.Release|Any CPU.Build.0 = Release|Any CPU
		{C7109A71-A858-4F9F-BD76-F0BBE84225A8}.Release|Any CPU.ActiveCfg = Release|Any CPU
	EndGlobalSection
EndGlobal
