
Microsoft Visual Studio Solution File, Format Version 11.00
# Visual Studio 2010
# SharpDevelop 4.4
Project("{FD48973F-F585-4F70-812B-4D0503B36CE9}") = "Lang54b Gui", "Lang54b Gui\Lang54b Gui.pyproj", "{DDCD1A29-B7C5-4505-A8E8-DCED1EC7E763}"
EndProject
Global
	GlobalSection(SolutionConfigurationPlatforms) = preSolution
		Debug|Any CPU = Debug|Any CPU
		Release|Any CPU = Release|Any CPU
	EndGlobalSection
	GlobalSection(ProjectConfigurationPlatforms) = postSolution
		{DDCD1A29-B7C5-4505-A8E8-DCED1EC7E763}.Debug|Any CPU.Build.0 = Debug|Any CPU
		{DDCD1A29-B7C5-4505-A8E8-DCED1EC7E763}.Debug|Any CPU.ActiveCfg = Debug|Any CPU
		{DDCD1A29-B7C5-4505-A8E8-DCED1EC7E763}.Release|Any CPU.Build.0 = Release|Any CPU
		{DDCD1A29-B7C5-4505-A8E8-DCED1EC7E763}.Release|Any CPU.ActiveCfg = Release|Any CPU
	EndGlobalSection
EndGlobal
