
Microsoft Visual Studio Solution File, Format Version 11.00
# Visual Studio 2010
# SharpDevelop 4.4
Project("{FD48973F-F585-4F70-812B-4D0503B36CE9}") = "pro82a", "pro82a\pro82a.pyproj", "{8EBA579A-D845-4ED6-AB7E-D0E31F75E0CF}"
EndProject
Global
	GlobalSection(SolutionConfigurationPlatforms) = preSolution
		Debug|Any CPU = Debug|Any CPU
		Release|Any CPU = Release|Any CPU
	EndGlobalSection
	GlobalSection(ProjectConfigurationPlatforms) = postSolution
		{8EBA579A-D845-4ED6-AB7E-D0E31F75E0CF}.Debug|Any CPU.Build.0 = Debug|Any CPU
		{8EBA579A-D845-4ED6-AB7E-D0E31F75E0CF}.Debug|Any CPU.ActiveCfg = Debug|Any CPU
		{8EBA579A-D845-4ED6-AB7E-D0E31F75E0CF}.Release|Any CPU.Build.0 = Release|Any CPU
		{8EBA579A-D845-4ED6-AB7E-D0E31F75E0CF}.Release|Any CPU.ActiveCfg = Release|Any CPU
	EndGlobalSection
EndGlobal
