
Microsoft Visual Studio Solution File, Format Version 11.00
# Visual Studio 2010
# SharpDevelop 4.4
Project("{FD48973F-F585-4F70-812B-4D0503B36CE9}") = "pro152a", "pro152a\pro152a.pyproj", "{A9A27C62-04D9-457D-BBAF-B8EF2D9EEDB9}"
EndProject
Global
	GlobalSection(SolutionConfigurationPlatforms) = preSolution
		Debug|Any CPU = Debug|Any CPU
		Release|Any CPU = Release|Any CPU
	EndGlobalSection
	GlobalSection(ProjectConfigurationPlatforms) = postSolution
		{A9A27C62-04D9-457D-BBAF-B8EF2D9EEDB9}.Debug|Any CPU.Build.0 = Debug|Any CPU
		{A9A27C62-04D9-457D-BBAF-B8EF2D9EEDB9}.Debug|Any CPU.ActiveCfg = Debug|Any CPU
		{A9A27C62-04D9-457D-BBAF-B8EF2D9EEDB9}.Release|Any CPU.Build.0 = Release|Any CPU
		{A9A27C62-04D9-457D-BBAF-B8EF2D9EEDB9}.Release|Any CPU.ActiveCfg = Release|Any CPU
	EndGlobalSection
EndGlobal
