
Microsoft Visual Studio Solution File, Format Version 11.00
# Visual Studio 2010
# SharpDevelop 4.4
Project("{FD48973F-F585-4F70-812B-4D0503B36CE9}") = "p.198", "p.198\p.198.pyproj", "{14C61660-79DE-4571-B4F2-A0F4C7D1FE5F}"
EndProject
Global
	GlobalSection(SolutionConfigurationPlatforms) = preSolution
		Debug|Any CPU = Debug|Any CPU
		Release|Any CPU = Release|Any CPU
	EndGlobalSection
	GlobalSection(ProjectConfigurationPlatforms) = postSolution
		{14C61660-79DE-4571-B4F2-A0F4C7D1FE5F}.Debug|Any CPU.Build.0 = Debug|Any CPU
		{14C61660-79DE-4571-B4F2-A0F4C7D1FE5F}.Debug|Any CPU.ActiveCfg = Debug|Any CPU
		{14C61660-79DE-4571-B4F2-A0F4C7D1FE5F}.Release|Any CPU.Build.0 = Release|Any CPU
		{14C61660-79DE-4571-B4F2-A0F4C7D1FE5F}.Release|Any CPU.ActiveCfg = Release|Any CPU
	EndGlobalSection
EndGlobal
