
Microsoft Visual Studio Solution File, Format Version 11.00
# Visual Studio 2010
# SharpDevelop 4.4
Project("{FD48973F-F585-4F70-812B-4D0503B36CE9}") = "prog162b", "prog162b\prog162b.pyproj", "{5C6D8571-E0A1-4954-B528-A3B9822A75B6}"
EndProject
Global
	GlobalSection(SolutionConfigurationPlatforms) = preSolution
		Debug|Any CPU = Debug|Any CPU
		Release|Any CPU = Release|Any CPU
	EndGlobalSection
	GlobalSection(ProjectConfigurationPlatforms) = postSolution
		{5C6D8571-E0A1-4954-B528-A3B9822A75B6}.Debug|Any CPU.Build.0 = Debug|Any CPU
		{5C6D8571-E0A1-4954-B528-A3B9822A75B6}.Debug|Any CPU.ActiveCfg = Debug|Any CPU
		{5C6D8571-E0A1-4954-B528-A3B9822A75B6}.Release|Any CPU.Build.0 = Release|Any CPU
		{5C6D8571-E0A1-4954-B528-A3B9822A75B6}.Release|Any CPU.ActiveCfg = Release|Any CPU
	EndGlobalSection
EndGlobal
