
Microsoft Visual Studio Solution File, Format Version 11.00
# Visual Studio 2010
# SharpDevelop 4.4
Project("{FD48973F-F585-4F70-812B-4D0503B36CE9}") = "Pong", "Pong\Pong.pyproj", "{434A86DD-7621-405D-BE2C-6DBBE88092FC}"
EndProject
Global
	GlobalSection(SolutionConfigurationPlatforms) = preSolution
		Debug|Any CPU = Debug|Any CPU
		Release|Any CPU = Release|Any CPU
	EndGlobalSection
	GlobalSection(ProjectConfigurationPlatforms) = postSolution
		{434A86DD-7621-405D-BE2C-6DBBE88092FC}.Debug|Any CPU.Build.0 = Debug|Any CPU
		{434A86DD-7621-405D-BE2C-6DBBE88092FC}.Debug|Any CPU.ActiveCfg = Debug|Any CPU
		{434A86DD-7621-405D-BE2C-6DBBE88092FC}.Release|Any CPU.Build.0 = Release|Any CPU
		{434A86DD-7621-405D-BE2C-6DBBE88092FC}.Release|Any CPU.ActiveCfg = Release|Any CPU
	EndGlobalSection
EndGlobal
